
Microsoft Visual Studio Solution File, Format Version 12.00
# Visual Studio 2012
Project("{FAE04EC0-301F-11D3-BF4B-00C04F79EFBC}") = "Questionario", "Questionario\Questionario.csproj", "{07291DFB-D764-431D-B38F-6191236E757E}"
EndProject
Project("{FAE04EC0-301F-11D3-BF4B-00C04F79EFBC}") = "ClassLibrary1", "ClassLibrary1\ClassLibrary1.csproj", "{1AA5ACB5-75B0-4C50-A6C4-B17E68FB6A69}"
EndProject
Global
	GlobalSection(SolutionConfigurationPlatforms) = preSolution
		Debug|Any CPU = Debug|Any CPU
		Release|Any CPU = Release|Any CPU
	EndGlobalSection
	GlobalSection(ProjectConfigurationPlatforms) = postSolution
		{07291DFB-D764-431D-B38F-6191236E757E}.Debug|Any CPU.ActiveCfg = Debug|Any CPU
		{07291DFB-D764-431D-B38F-6191236E757E}.Debug|Any CPU.Build.0 = Debug|Any CPU
		{07291DFB-D764-431D-B38F-6191236E757E}.Release|Any CPU.ActiveCfg = Release|Any CPU
		{07291DFB-D764-431D-B38F-6191236E757E}.Release|Any CPU.Build.0 = Release|Any CPU
		{1AA5ACB5-75B0-4C50-A6C4-B17E68FB6A69}.Debug|Any CPU.ActiveCfg = Debug|Any CPU
		{1AA5ACB5-75B0-4C50-A6C4-B17E68FB6A69}.Debug|Any CPU.Build.0 = Debug|Any CPU
		{1AA5ACB5-75B0-4C50-A6C4-B17E68FB6A69}.Release|Any CPU.ActiveCfg = Release|Any CPU
		{1AA5ACB5-75B0-4C50-A6C4-B17E68FB6A69}.Release|Any CPU.Build.0 = Release|Any CPU
	EndGlobalSection
	GlobalSection(SolutionProperties) = preSolution
		HideSolutionNode = FALSE
	EndGlobalSection
EndGlobal
